Microsoft Visual Studio Solution File, Format Version 12.00
# Visual Studio Version 16
VisualStudioVersion = 16.0.36602.28
MinimumVisualStudioVersion = 10.0.40219.1
Project("{9A19103F-16F7-4668-BE54-9A1E7A4F7556}") = "RusticaPortal_PRMVAN.Web", "RusticaPortal_PRMVAN.Web.csproj", "{C5A3A75A-7195-4B99-9A20-AF1E38C7BD89}"
EndProject
Global
	GlobalSection(SolutionConfigurationPlatforms) = preSolution
		Debug|Any CPU = Debug|Any CPU
		Debug|x64 = Debug|x64
		Debug|x86 = Debug|x86
		Release|Any CPU = Release|Any CPU
		Release|x64 = Release|x64
		Release|x86 = Release|x86
	EndGlobalSection
	GlobalSection(ProjectConfigurationPlatforms) = postSolution
		{C5A3A75A-7195-4B99-9A20-AF1E38C7BD89}.Debug|Any CPU.ActiveCfg = Debug|Any CPU
		{C5A3A75A-7195-4B99-9A20-AF1E38C7BD89}.Debug|Any CPU.Build.0 = Debug|Any CPU
		{C5A3A75A-7195-4B99-9A20-AF1E38C7BD89}.Debug|x64.ActiveCfg = Debug|x64
		{C5A3A75A-7195-4B99-9A20-AF1E38C7BD89}.Debug|x64.Build.0 = Debug|x64
		{C5A3A75A-7195-4B99-9A20-AF1E38C7BD89}.Debug|x86.ActiveCfg = Debug|x86
		{C5A3A75A-7195-4B99-9A20-AF1E38C7BD89}.Debug|x86.Build.0 = Debug|x86
		{C5A3A75A-7195-4B99-9A20-AF1E38C7BD89}.Release|Any CPU.ActiveCfg = Release|Any CPU
		{C5A3A75A-7195-4B99-9A20-AF1E38C7BD89}.Release|Any CPU.Build.0 = Release|Any CPU
		{C5A3A75A-7195-4B99-9A20-AF1E38C7BD89}.Release|x64.ActiveCfg = Release|x64
		{C5A3A75A-7195-4B99-9A20-AF1E38C7BD89}.Release|x64.Build.0 = Release|x64
		{C5A3A75A-7195-4B99-9A20-AF1E38C7BD89}.Release|x86.ActiveCfg = Release|x86
		{C5A3A75A-7195-4B99-9A20-AF1E38C7BD89}.Release|x86.Build.0 = Release|x86
	EndGlobalSection
	GlobalSection(SolutionProperties) = preSolution
		HideSolutionNode = FALSE
	EndGlobalSection
	GlobalSection(ExtensibilityGlobals) = postSolution
		SolutionGuid = {46CF4D59-DF1C-4222-BA33-FDAEBC293A45}
	EndGlobalSection
EndGlobal
